# THIS IS AN AUTOGENERATED FILE. DO NOT EDIT THIS FILE DIRECTLY.
# yarn lockfile v1
# bun ./bun.lockb --hash: B23AB95C45124FB5-49ff90b8f1c8c3ca-A2725046F2B77470-ab9777986dc234a6


"@mota.alyson/presets@1.1.0":
  version "1.1.0"
  resolved "https://registry.npmjs.org/@mota.alyson/presets/-/presets-1.1.0.tgz"
  integrity sha512-iNklE0d2swe2FS144pr9VghPD0ASUQtwslZiyB2JZCDSQOi7aIEPw3s6Eff1emvUgtutZlE28BLoirbYQJfdwQ==

"@oxc-parser/binding-darwin-arm64@0.25.0":
  version "0.25.0"
  resolved "https://registry.npmjs.org/@oxc-parser/binding-darwin-arm64/-/binding-darwin-arm64-0.25.0.tgz"
  integrity sha512-U5/rpvsK4TxDoJsvYi03oWBzO0N4PrdnBP7NCOSRyUx/Ed5XSkBN+RVIfoQa5nlf7zWgIal36y67UHaYyr45GA==

"@oxc-parser/binding-darwin-x64@0.25.0":
  version "0.25.0"
  resolved "https://registry.npmjs.org/@oxc-parser/binding-darwin-x64/-/binding-darwin-x64-0.25.0.tgz"
  integrity sha512-GPvneSA7cfi4nUwSSCLLxHF9/AttMxQmGCmmgbn/2kJg6XCP/K2J+fyCPa3QLM8OQorDavNAA0w91fCTBBrSbQ==

"@oxc-parser/binding-linux-arm64-gnu@0.25.0":
  version "0.25.0"
  resolved "https://registry.npmjs.org/@oxc-parser/binding-linux-arm64-gnu/-/binding-linux-arm64-gnu-0.25.0.tgz"
  integrity sha512-P8I+6jAiGbgDG60wXVaGQ7KdIWb+SY/qVwF8iMyBOhJb4RBsNeP++namqDIHGsUg6sBWPdLeKD++b549aX15fQ==

"@oxc-parser/binding-linux-arm64-musl@0.25.0":
  version "0.25.0"
  resolved "https://registry.npmjs.org/@oxc-parser/binding-linux-arm64-musl/-/binding-linux-arm64-musl-0.25.0.tgz"
  integrity sha512-hS8keRMckB5YDuUT2A9CK4P519Hfln60RagPG9PV+h0r8lqAC9f0+F/n7YGAcs3ikpK0WZRKahoYbzCGfWmGaw==

"@oxc-parser/binding-linux-x64-gnu@0.25.0":
  version "0.25.0"
  resolved "https://registry.npmjs.org/@oxc-parser/binding-linux-x64-gnu/-/binding-linux-x64-gnu-0.25.0.tgz"
  integrity sha512-cp0h4GtaGacLM5KdisYsqdXlI3FASQMpZAng/xp9Nn32DfZ2WWkMuWrVoYZZMZBUQIEan8f/7dE3ncip41Y+pQ==

"@oxc-parser/binding-linux-x64-musl@0.25.0":
  version "0.25.0"
  resolved "https://registry.npmjs.org/@oxc-parser/binding-linux-x64-musl/-/binding-linux-x64-musl-0.25.0.tgz"
  integrity sha512-8z04UnNTdr0CfYWKO6qr481k12srFIBMLo2+cUbdNWbmZhDUfv1jV5jlJAwMfG9EHUTYjW6FN/J0yK3vpNWwdg==

"@oxc-parser/binding-win32-arm64-msvc@0.25.0":
  version "0.25.0"
  resolved "https://registry.npmjs.org/@oxc-parser/binding-win32-arm64-msvc/-/binding-win32-arm64-msvc-0.25.0.tgz"
  integrity sha512-X1R9/DSgNkDcYh6ql6u5a5DMqEWMib2+LWeKaVQHDa4uypYcXUbCdyxXpKqfW46p7LoC0SE4IEqDH1PhUloxtQ==

"@oxc-parser/binding-win32-x64-msvc@0.25.0":
  version "0.25.0"
  resolved "https://registry.npmjs.org/@oxc-parser/binding-win32-x64-msvc/-/binding-win32-x64-msvc-0.25.0.tgz"
  integrity sha512-2qo2WTxjB1af4AJShRHjRZvC6e2KcaxazTk5APAm0yTa7yyf4x9A3sBvEG7eXN/XNmrAP6H93Zp+YpnkKCiZ3Q==

"@oxc-transform/binding-darwin-arm64@0.24.3":
  version "0.24.3"
  resolved "https://registry.npmjs.org/@oxc-transform/binding-darwin-arm64/-/binding-darwin-arm64-0.24.3.tgz"
  integrity sha512-zCbdMm3wV2EhRK/za4KiEmukusyaYCqK6+/5at3lx3WuKUjF1lXiLUCuMSK06J6kOqG3uVe2whb5w76L5t5X/Q==

"@oxc-transform/binding-darwin-arm64@0.30.5":
  version "0.30.5"
  resolved "https://registry.npmjs.org/@oxc-transform/binding-darwin-arm64/-/binding-darwin-arm64-0.30.5.tgz"
  integrity sha512-DBaBT9DbmtqQJrxoajYhbXhij/N7xKdH1L8pqeSFRiZcScdaHxsAspAl9nMU7xdRE0NYh67qrKeO3thsah25Xw==

"@oxc-transform/binding-darwin-arm64@0.36.0":
  version "0.36.0"
  resolved "https://registry.npmjs.org/@oxc-transform/binding-darwin-arm64/-/binding-darwin-arm64-0.36.0.tgz"
  integrity sha512-RBY/FiVfM7iiHcJGxmIkgytz0HFYoxSpxyhcOx+olp2kw4oEl0E+H57twp9qmrFwGWQj3kSpNoKaoIaEY+lA/Q==

"@oxc-transform/binding-darwin-x64@0.24.3":
  version "0.24.3"
  resolved "https://registry.npmjs.org/@oxc-transform/binding-darwin-x64/-/binding-darwin-x64-0.24.3.tgz"
  integrity sha512-M6M+Nrkps9vlFlWP2JJAkmOXVBTSsqmOIfACfaAUAydzGK84UAximxrTLp4JHPbsIx9FPX3Z9Di32B+lK1hOVg==

"@oxc-transform/binding-darwin-x64@0.30.5":
  version "0.30.5"
  resolved "https://registry.npmjs.org/@oxc-transform/binding-darwin-x64/-/binding-darwin-x64-0.30.5.tgz"
  integrity sha512-T2F7csIwWKug/1G7YRiZImAEL+90pt9DQbJVAqOXlGlWiHd4TlTaJZ28qXCDiRouCFMVjEEenbQuM0s+Cg5n3A==

"@oxc-transform/binding-darwin-x64@0.36.0":
  version "0.36.0"
  resolved "https://registry.npmjs.org/@oxc-transform/binding-darwin-x64/-/binding-darwin-x64-0.36.0.tgz"
  integrity sha512-Rr6/ReE0k/RblqZGpmEzhKEeVkHOLARP5IGHdU5GOtM8SpVvxJT2Fg3IIAGbG43TIClyyGmWeH8JYOSdPRFhaA==

"@oxc-transform/binding-linux-arm64-gnu@0.24.3":
  version "0.24.3"
  resolved "https://registry.npmjs.org/@oxc-transform/binding-linux-arm64-gnu/-/binding-linux-arm64-gnu-0.24.3.tgz"
  integrity sha512-XzLxUmjztX+/8rlmFyTrZTcECiDBgN1/fAXcj0dNYp8fKspmo7ahPix3IZPPa6kgSpA8SQ4sKhMsT428jM901A==

"@oxc-transform/binding-linux-arm64-gnu@0.30.5":
  version "0.30.5"
  resolved "https://registry.npmjs.org/@oxc-transform/binding-linux-arm64-gnu/-/binding-linux-arm64-gnu-0.30.5.tgz"
  integrity sha512-uW3JSY+Iaw67rfhN8NfpQd7vn1T00QIR7tI6Fj7cW6a+NweVWHMmm/BNTDtIbwg5U0VAlzs48fdNK1l4PbWGCQ==

"@oxc-transform/binding-linux-arm64-gnu@0.36.0":
  version "0.36.0"
  resolved "https://registry.npmjs.org/@oxc-transform/binding-linux-arm64-gnu/-/binding-linux-arm64-gnu-0.36.0.tgz"
  integrity sha512-RhI3QGg9Q/mrxF5iCz9KlsKI0MevV7uX4ba5cmYK4QgxnHt7f0FOL13H5wjngsvri02iP42UYQLkxPZPrtbnhA==

"@oxc-transform/binding-linux-arm64-musl@0.24.3":
  version "0.24.3"
  resolved "https://registry.npmjs.org/@oxc-transform/binding-linux-arm64-musl/-/binding-linux-arm64-musl-0.24.3.tgz"
  integrity sha512-giu3raN2bcU+mnI8nfVH71TTD1QzudZUKjYoYIZBbuTvT9FHtZILhbrWijhhhXXWrJqDoB92Ko+G02Ned9S6lw==

"@oxc-transform/binding-linux-arm64-musl@0.30.5":
  version "0.30.5"
  resolved "https://registry.npmjs.org/@oxc-transform/binding-linux-arm64-musl/-/binding-linux-arm64-musl-0.30.5.tgz"
  integrity sha512-cqa57svTkq5mKMGqTcmn4eEeFChO2y8Z3UPaUg2W9qpWa0VjYmBXbBFcKj7f/6nHg8S8i4GLP1JwNbZNNvCzsw==

"@oxc-transform/binding-linux-arm64-musl@0.36.0":
  version "0.36.0"
  resolved "https://registry.npmjs.org/@oxc-transform/binding-linux-arm64-musl/-/binding-linux-arm64-musl-0.36.0.tgz"
  integrity sha512-75YcxxZ8hvFevmdCHqiy8Uc+TfLbJ9tXT2BMbPt+bgALM1k3tUx4Jj5XptIM7V7C6HOFT2tHHbQg4ZRQOT95cw==

"@oxc-transform/binding-linux-x64-gnu@0.24.3":
  version "0.24.3"
  resolved "https://registry.npmjs.org/@oxc-transform/binding-linux-x64-gnu/-/binding-linux-x64-gnu-0.24.3.tgz"
  integrity sha512-W++VfrY6vpko0T6iyJhiN2bphMHFiMM8bt2BWwF5tXRaPZMXW7wvfxBR1l7r/Y1f0lniLviBTLlZjOJeYBrDwQ==

"@oxc-transform/binding-linux-x64-gnu@0.30.5":
  version "0.30.5"
  resolved "https://registry.npmjs.org/@oxc-transform/binding-linux-x64-gnu/-/binding-linux-x64-gnu-0.30.5.tgz"
  integrity sha512-sYAIKwpVXArXJDetF6NiKcselPxIdHD3sAlkWsfI1I7F6gRxqF+FucRP7IZi6ULDC4rLeyE9rW+NRBGD6N6mmQ==

"@oxc-transform/binding-linux-x64-gnu@0.36.0":
  version "0.36.0"
  resolved "https://registry.npmjs.org/@oxc-transform/binding-linux-x64-gnu/-/binding-linux-x64-gnu-0.36.0.tgz"
  integrity sha512-Gl8BuRz16t0gtP5PkyikeIzmn+pNUfSeqxcQQnBW3tSNBkmBKSC1rN8P5cfxT1GMHJ+N0MFHGvAKjC4Q/f2KCw==

"@oxc-transform/binding-linux-x64-musl@0.24.3":
  version "0.24.3"
  resolved "https://registry.npmjs.org/@oxc-transform/binding-linux-x64-musl/-/binding-linux-x64-musl-0.24.3.tgz"
  integrity sha512-eJzAJhzwfTkHqSAZ+GvcSKY4UfBDv86Zk/gDIa+zmpxpovtCWlGXRiNyUZI0aWgPbH3+5FZnjRLMbw4bJZfrHw==

"@oxc-transform/binding-linux-x64-musl@0.30.5":
  version "0.30.5"
  resolved "https://registry.npmjs.org/@oxc-transform/binding-linux-x64-musl/-/binding-linux-x64-musl-0.30.5.tgz"
  integrity sha512-JrwvyOSNjOTG48Fu51WSWWWWGU1abs3RHtQ9NJTLE5dZsvqCe/A1qJSaCJskEuqRcDf++6yO3gXSg8q/JAn3rg==

"@oxc-transform/binding-linux-x64-musl@0.36.0":
  version "0.36.0"
  resolved "https://registry.npmjs.org/@oxc-transform/binding-linux-x64-musl/-/binding-linux-x64-musl-0.36.0.tgz"
  integrity sha512-hzBLA+5LW6wln+QVgv0r7jHlzscNl+AYUsbDpFq7hFIkC06SR9pg2x2arRoTcemVD0pMfcvPQuXVeuYfaOktSA==

"@oxc-transform/binding-win32-arm64-msvc@0.24.3":
  version "0.24.3"
  resolved "https://registry.npmjs.org/@oxc-transform/binding-win32-arm64-msvc/-/binding-win32-arm64-msvc-0.24.3.tgz"
  integrity sha512-gUZ9OQujXhtXWamNWBt1FAW0+ECAMOdrq4MWdqnrzkXKY9ndyJ4CjzulPH8nj/+6AaDq5iv9yTfgJ4bWM9uVTg==

"@oxc-transform/binding-win32-arm64-msvc@0.30.5":
  version "0.30.5"
  resolved "https://registry.npmjs.org/@oxc-transform/binding-win32-arm64-msvc/-/binding-win32-arm64-msvc-0.30.5.tgz"
  integrity sha512-EXjLTyuFdpna949GkkytWs8v6SGG/xuYRprZWNhTv8oBaxBTEUiHW4dhuNkEYa/WyA4PWQJx+cN8vllnhOchkQ==

"@oxc-transform/binding-win32-arm64-msvc@0.36.0":
  version "0.36.0"
  resolved "https://registry.npmjs.org/@oxc-transform/binding-win32-arm64-msvc/-/binding-win32-arm64-msvc-0.36.0.tgz"
  integrity sha512-+xyLEwyiwdyO8FKpugo+C7jzfmQ3e2WtiOVXJO4W4RWC2W+JvV5rlZCfQfl6nmKzOR59qqADzD6orynbUCZj+g==

"@oxc-transform/binding-win32-x64-msvc@0.24.3":
  version "0.24.3"
  resolved "https://registry.npmjs.org/@oxc-transform/binding-win32-x64-msvc/-/binding-win32-x64-msvc-0.24.3.tgz"
  integrity sha512-KfrdrMAn+ZX21qncVjsXt5Tu3Fs/nKj8D6gPL7pXZ8zB/qzYP6aroMChsassb1d3u8fEJB0tl/5DziprZFZYng==

"@oxc-transform/binding-win32-x64-msvc@0.30.5":
  version "0.30.5"
  resolved "https://registry.npmjs.org/@oxc-transform/binding-win32-x64-msvc/-/binding-win32-x64-msvc-0.30.5.tgz"
  integrity sha512-vKBHInTCqC70oGFnZTKgcC7EeJ7On0QWmyTZwtn6snOW9UP6eCs/xpKfDmp4ZWUxiAV4EikXbXuy0snl5Spm8Q==

"@oxc-transform/binding-win32-x64-msvc@0.36.0":
  version "0.36.0"
  resolved "https://registry.npmjs.org/@oxc-transform/binding-win32-x64-msvc/-/binding-win32-x64-msvc-0.36.0.tgz"
  integrity sha512-AEfyV3bjw10vOMehUhpiPVC70hD7MMZVnJy6AObwfJCPgNvHcTWOSD5/kPAuKyjcbQ476o+cUvLXLprHFZFCTA==

"@rollup/pluginutils@^5.1.0":
  version "5.1.3"
  resolved "https://registry.npmjs.org/@rollup/pluginutils/-/pluginutils-5.1.3.tgz"
  integrity sha512-Pnsb6f32CD2W3uCaLZIzDmeFyQ2b8UWMFI7xtwUezpcGBDVDW6y9XgAWIlARiGAo6eNF5FK5aQTr0LFyNyqq5A==
  dependencies:
    "@types/estree" "^1.0.0"
    estree-walker "^2.0.2"
    picomatch "^4.0.2"

"@types/bun@1.1.13":
  version "1.1.13"
  resolved "https://registry.npmjs.org/@types/bun/-/bun-1.1.13.tgz"
  integrity sha512-KmQxSBgVWCl6RSuerlLGZlIWfdxkKqat0nxN61+qu4y1KDn0Ll3j7v1Pl8GnaL3a/U6GGWVTJh75ap62kR1E8Q==
  dependencies:
    bun-types "1.1.34"

"@types/estree@^1.0.0":
  version "1.0.6"
  resolved "https://registry.npmjs.org/@types/estree/-/estree-1.0.6.tgz"
  integrity sha512-AYnb1nQyY49te+VRAVgmzfcgjYS91mY5P0TKUDCLEM+gNnA+3T6rWITXRLYCpahpqSQbN5cE+gHpnPyXjHWxcw==

"@types/node@*", "@types/node@~20.12.8":
  version "20.12.14"
  resolved "https://registry.npmjs.org/@types/node/-/node-20.12.14.tgz"
  integrity sha512-scnD59RpYD91xngrQQLGkE+6UrHUPzeKZWhhjBSa3HSkwjbQc38+q3RoIVEwxQGRw3M+j5hpNAM+lgV3cVormg==
  dependencies:
    undici-types "~5.26.4"

"@types/ws@~8.5.10":
  version "8.5.13"
  resolved "https://registry.npmjs.org/@types/ws/-/ws-8.5.13.tgz"
  integrity sha512-osM/gWBTPKgHV8XkTunnegTRIsvF6owmf5w+JtAfOw472dptdm0dlGv4xCt6GwQRcC2XVOvvRE/0bAoQcL2QkA==
  dependencies:
    "@types/node" "*"

acorn@^8.14.0:
  version "8.14.0"
  resolved "https://registry.npmjs.org/acorn/-/acorn-8.14.0.tgz"
  integrity sha512-cl669nCJTZBsL97OF4kUQm5g5hC2uihk0NxY3WENAC0TYdILVkAyHymAntgxGkl7K+t0cXIrH5siy5S4XkFycA==

bun-plugin-isolated-decl@0.1.6:
  version "0.1.6"
  resolved "https://registry.npmjs.org/bun-plugin-isolated-decl/-/bun-plugin-isolated-decl-0.1.6.tgz"
  integrity sha512-xR1QFr0RyBkMc3rVrW93tqg+i/qJauniEhVywK0LHgjdDnKLPQBuLBodyJqHgM5myHmWlYa5oxjHCe41Cm5ezw==
  dependencies:
    is-glob "^4.0.3"
    oxc-transform "^0.30.0"
    unplugin-isolated-decl "^0.4.7"

bun-types@1.1.34:
  version "1.1.34"
  resolved "https://registry.npmjs.org/bun-types/-/bun-types-1.1.34.tgz"
  integrity sha512-br5QygTEL/TwB4uQOb96Ky22j4Gq2WxWH/8Oqv20fk5HagwKXo/akB+LiYgSfzexCt6kkcUaVm+bKiPl71xPvw==
  dependencies:
    "@types/ws" "~8.5.10"
    "@types/node" "~20.12.8"

estree-walker@^2.0.2:
  version "2.0.2"
  resolved "https://registry.npmjs.org/estree-walker/-/estree-walker-2.0.2.tgz"
  integrity sha512-Rfkk/Mp/DL7JVje3u18FxFujQlTNR2q6QfMSMB7AvCBx91NGj/ba3kCfza0f6dVDbw7YlRf/nDrn7pQrCCyQ/w==

is-extglob@^2.1.1:
  version "2.1.1"
  resolved "https://registry.npmjs.org/is-extglob/-/is-extglob-2.1.1.tgz"
  integrity sha512-SbKbANkN603Vi4jEZv49LeVJMn4yGwsbzZworEoyEiutsN3nJYdbO36zfhGJ6QEDpOZIFkDtnq5JRxmvl3jsoQ==

is-glob@^4.0.3:
  version "4.0.3"
  resolved "https://registry.npmjs.org/is-glob/-/is-glob-4.0.3.tgz"
  integrity sha512-xelSayHH36ZgE7ZWhli7pW34hNbNl8Ojv5KVmkJD4hBdD3th8Tfk9vYasLM+mXWOZhFkgZfxhLSnrwRr4elSSg==
  dependencies:
    is-extglob "^2.1.1"

oxc-parser@^0.25.0:
  version "0.25.0"
  resolved "https://registry.npmjs.org/oxc-parser/-/oxc-parser-0.25.0.tgz"
  integrity sha512-ekXyGJ9Z1jF2NZavl+XmmWmyCLeXEsoV1ji0xOVZgpesRIYByKxZu1H/JYHibkmYq50nbzDN3I/N8NrJxSihfA==
  optionalDependencies:
    "@oxc-parser/binding-darwin-x64" "0.25.0"
    "@oxc-parser/binding-darwin-arm64" "0.25.0"
    "@oxc-parser/binding-linux-x64-gnu" "0.25.0"
    "@oxc-parser/binding-linux-x64-musl" "0.25.0"
    "@oxc-parser/binding-win32-x64-msvc" "0.25.0"
    "@oxc-parser/binding-linux-arm64-gnu" "0.25.0"
    "@oxc-parser/binding-linux-arm64-musl" "0.25.0"
    "@oxc-parser/binding-win32-arm64-msvc" "0.25.0"

oxc-transform@^0.24.3:
  version "0.24.3"
  resolved "https://registry.npmjs.org/oxc-transform/-/oxc-transform-0.24.3.tgz"
  integrity sha512-aOwwJibIHngKt8ccLRaIBHuVKDZB4VB1NgnObmNw6dwuGSmWpAff12tqZbbSwY0X2bGfwm7goY0Tur3yWxpUdA==
  optionalDependencies:
    "@oxc-transform/binding-darwin-x64" "0.24.3"
    "@oxc-transform/binding-darwin-arm64" "0.24.3"
    "@oxc-transform/binding-linux-x64-gnu" "0.24.3"
    "@oxc-transform/binding-linux-x64-musl" "0.24.3"
    "@oxc-transform/binding-win32-x64-msvc" "0.24.3"
    "@oxc-transform/binding-linux-arm64-gnu" "0.24.3"
    "@oxc-transform/binding-linux-arm64-musl" "0.24.3"
    "@oxc-transform/binding-win32-arm64-msvc" "0.24.3"

oxc-transform@^0.30.0:
  version "0.30.5"
  resolved "https://registry.npmjs.org/oxc-transform/-/oxc-transform-0.30.5.tgz"
  integrity sha512-6LxAZx298Y2DK/5I7xdX2dC8G1IEHREL9oMy2elPVoP67s9FHcdAwGVKlcjkISlCfG22YAISYAhxKAdWS7hXhg==
  optionalDependencies:
    "@oxc-transform/binding-darwin-x64" "0.30.5"
    "@oxc-transform/binding-darwin-arm64" "0.30.5"
    "@oxc-transform/binding-linux-x64-gnu" "0.30.5"
    "@oxc-transform/binding-linux-x64-musl" "0.30.5"
    "@oxc-transform/binding-win32-x64-msvc" "0.30.5"
    "@oxc-transform/binding-linux-arm64-gnu" "0.30.5"
    "@oxc-transform/binding-linux-arm64-musl" "0.30.5"
    "@oxc-transform/binding-win32-arm64-msvc" "0.30.5"

oxc-transform@0.36.0:
  version "0.36.0"
  resolved "https://registry.npmjs.org/oxc-transform/-/oxc-transform-0.36.0.tgz"
  integrity sha512-7HeVLsetdXh8/+oFPN3MWUbjVzN92H/TrfCNz1kkTM4+E2PfUzQlyqTijyesvm05Fv5p5VyMhRkvdFl4oeDqVw==
  optionalDependencies:
    "@oxc-transform/binding-win32-x64-msvc" "0.36.0"
    "@oxc-transform/binding-win32-arm64-msvc" "0.36.0"
    "@oxc-transform/binding-linux-x64-gnu" "0.36.0"
    "@oxc-transform/binding-linux-arm64-gnu" "0.36.0"
    "@oxc-transform/binding-linux-x64-musl" "0.36.0"
    "@oxc-transform/binding-linux-arm64-musl" "0.36.0"
    "@oxc-transform/binding-darwin-x64" "0.36.0"
    "@oxc-transform/binding-darwin-arm64" "0.36.0"

picomatch@^4.0.2:
  version "4.0.2"
  resolved "https://registry.npmjs.org/picomatch/-/picomatch-4.0.2.tgz"
  integrity sha512-M7BAV6Rlcy5u+m6oPhAPFgJTzAioX/6B0DxyvDlo9l8+T3nLKbrczg2WLUyzd45L8RqfUMyGPzekbMvX2Ldkwg==

typescript@5.6.3, typescript@^5.6.2:
  version "5.6.3"
  resolved "https://registry.npmjs.org/typescript/-/typescript-5.6.3.tgz"
  integrity sha512-hjcS1mhfuyi4WW8IWtjP7brDrG2cuDZukyrYrSauoXGNgx0S7zceP07adYkJycEr56BOUTNPzbInooiN3fn1qw==

undici-types@~5.26.4:
  version "5.26.5"
  resolved "https://registry.npmjs.org/undici-types/-/undici-types-5.26.5.tgz"
  integrity sha512-JlCMO+ehdEIKqlFxk6IfVoAUVmgz7cU7zD/h9XZ0qzeosSHmUJVOzSQvvYSYWXkFXC+IfLKSIffhv0sVZup6pA==

unplugin@^1.12.2:
  version "1.15.0"
  resolved "https://registry.npmjs.org/unplugin/-/unplugin-1.15.0.tgz"
  integrity sha512-jTPIs63W+DUEDW207ztbaoO7cQ4p5aVaB823LSlxpsFEU3Mykwxf3ZGC/wzxFJeZlASZYgVrWeo7LgOrqJZ8RA==
  dependencies:
    acorn "^8.14.0"
    webpack-virtual-modules "^0.6.2"

unplugin-isolated-decl@^0.4.7:
  version "0.4.7"
  resolved "https://registry.npmjs.org/unplugin-isolated-decl/-/unplugin-isolated-decl-0.4.7.tgz"
  integrity sha512-nITsQCyFJmjuI/Wlu2Q8oGX4C7H+bLMQO6CunbzLAeySj0bkvuZhC1X0xlZq2k6MbSMnwB6W00FGKDCYhW8rag==
  dependencies:
    unplugin "^1.12.2"
    oxc-parser "^0.25.0"
    oxc-transform "^0.24.3"
    "@rollup/pluginutils" "^5.1.0"

webpack-virtual-modules@^0.6.2:
  version "0.6.2"
  resolved "https://registry.npmjs.org/webpack-virtual-modules/-/webpack-virtual-modules-0.6.2.tgz"
  integrity sha512-66/V2i5hQanC51vBQKPH4aI8NMAcBW59FVBs+rC7eGHupMyfn34q7rZIE+ETlJ+XTevqfUhVVBgSUNSW2flEUQ==
